
Microsoft Visual Studio Solution File, Format Version 12.00
# Visual Studio Version 17
VisualStudioVersion = 17.5.002.0
MinimumVisualStudioVersion = 10.0.40219.1
Project("{2150E333-8FDC-42A3-9474-1A3956D46DE8}") = "src", "src", "{D1F83346-7E05-4991-AACA-E196A226623A}"
EndProject
Project("{9A19103F-16F7-4668-BE54-9A1E7A4F7556}") = "TearLogic.Api", "src\TearLogic.Api\TearLogic.Api.csproj", "{ADD88FD0-527E-41EE-B8BB-06519EB70DF3}"
EndProject
Project("{9A19103F-16F7-4668-BE54-9A1E7A4F7556}") = "TearLogic.Clients", "src\TearLogic.Clients\TearLogic.Clients.csproj", "{4A722974-DB25-4F8D-BC9E-63A2689E1D41}"
EndProject
Global
	GlobalSection(SolutionConfigurationPlatforms) = preSolution
		Debug|Any CPU = Debug|Any CPU
		Release|Any CPU = Release|Any CPU
	EndGlobalSection
	GlobalSection(ProjectConfigurationPlatforms) = postSolution
		{ADD88FD0-527E-41EE-B8BB-06519EB70DF3}.Debug|Any CPU.ActiveCfg = Debug|Any CPU
		{ADD88FD0-527E-41EE-B8BB-06519EB70DF3}.Debug|Any CPU.Build.0 = Debug|Any CPU
		{ADD88FD0-527E-41EE-B8BB-06519EB70DF3}.Release|Any CPU.ActiveCfg = Release|Any CPU
		{ADD88FD0-527E-41EE-B8BB-06519EB70DF3}.Release|Any CPU.Build.0 = Release|Any CPU
		{4A722974-DB25-4F8D-BC9E-63A2689E1D41}.Debug|Any CPU.ActiveCfg = Debug|Any CPU
		{4A722974-DB25-4F8D-BC9E-63A2689E1D41}.Debug|Any CPU.Build.0 = Debug|Any CPU
		{4A722974-DB25-4F8D-BC9E-63A2689E1D41}.Release|Any CPU.ActiveCfg = Release|Any CPU
		{4A722974-DB25-4F8D-BC9E-63A2689E1D41}.Release|Any CPU.Build.0 = Release|Any CPU
	EndGlobalSection
	GlobalSection(SolutionProperties) = preSolution
		HideSolutionNode = FALSE
	EndGlobalSection
	GlobalSection(NestedProjects) = preSolution
		{ADD88FD0-527E-41EE-B8BB-06519EB70DF3} = {D1F83346-7E05-4991-AACA-E196A226623A}
		{4A722974-DB25-4F8D-BC9E-63A2689E1D41} = {D1F83346-7E05-4991-AACA-E196A226623A}
	EndGlobalSection
	GlobalSection(ExtensibilityGlobals) = postSolution
		SolutionGuid = {64F1BE63-D5EC-441C-BBBC-F7D7D209D4FB}
	EndGlobalSection
EndGlobal
